
Microsoft Visual Studio Solution File, Format Version 12.00
# Visual Studio 15
VisualStudioVersion = 15.0.27703.1
MinimumVisualStudioVersion = 10.0.40219.1
Project("{FAE04EC0-301F-11D3-BF4B-00C04F79EFBC}") = "Operators", "Operators\Operators.csproj", "{4D605678-A4A4-4585-B053-C70863DDEC32}"
EndProject
Global
	GlobalSection(SolutionConfigurationPlatforms) = preSolution
		Debug|Any CPU = Debug|Any CPU
		Release|Any CPU = Release|Any CPU
	EndGlobalSection
	GlobalSection(ProjectConfigurationPlatforms) = postSolution
		{4D605678-A4A4-4585-B053-C70863DDEC32}.Debug|Any CPU.ActiveCfg = Debug|Any CPU
		{4D605678-A4A4-4585-B053-C70863DDEC32}.Debug|Any CPU.Build.0 = Debug|Any CPU
		{4D605678-A4A4-4585-B053-C70863DDEC32}.Release|Any CPU.ActiveCfg = Release|Any CPU
		{4D605678-A4A4-4585-B053-C70863DDEC32}.Release|Any CPU.Build.0 = Release|Any CPU
	EndGlobalSection
	GlobalSection(SolutionProperties) = preSolution
		HideSolutionNode = FALSE
	EndGlobalSection
	GlobalSection(ExtensibilityGlobals) = postSolution
		SolutionGuid = {D2583B8B-D885-45A0-884A-73D969F22B8D}
	EndGlobalSection
EndGlobal
