
Microsoft Visual Studio Solution File, Format Version 12.00
# Visual Studio 15
VisualStudioVersion = 15.0.27703.1
MinimumVisualStudioVersion = 10.0.40219.1
Project("{FAE04EC0-301F-11D3-BF4B-00C04F79EFBC}") = "DateTimeDemo", "DateTimeDemo\DateTimeDemo.csproj", "{FD6264B7-6ED4-4C92-B4F9-D1B9F4BE6FCF}"
EndProject
Global
	GlobalSection(SolutionConfigurationPlatforms) = preSolution
		Debug|Any CPU = Debug|Any CPU
		Release|Any CPU = Release|Any CPU
	EndGlobalSection
	GlobalSection(ProjectConfigurationPlatforms) = postSolution
		{FD6264B7-6ED4-4C92-B4F9-D1B9F4BE6FCF}.Debug|Any CPU.ActiveCfg = Debug|Any CPU
		{FD6264B7-6ED4-4C92-B4F9-D1B9F4BE6FCF}.Debug|Any CPU.Build.0 = Debug|Any CPU
		{FD6264B7-6ED4-4C92-B4F9-D1B9F4BE6FCF}.Release|Any CPU.ActiveCfg = Release|Any CPU
		{FD6264B7-6ED4-4C92-B4F9-D1B9F4BE6FCF}.Release|Any CPU.Build.0 = Release|Any CPU
	EndGlobalSection
	GlobalSection(SolutionProperties) = preSolution
		HideSolutionNode = FALSE
	EndGlobalSection
	GlobalSection(ExtensibilityGlobals) = postSolution
		SolutionGuid = {30C8C250-C662-4540-899F-DD739120FB57}
	EndGlobalSection
EndGlobal
