
Microsoft Visual Studio Solution File, Format Version 12.00
# Visual Studio 15
VisualStudioVersion = 15.0.27703.1
MinimumVisualStudioVersion = 10.0.40219.1
Project("{FAE04EC0-301F-11D3-BF4B-00C04F79EFBC}") = "SummarizingText", "SummarizingText\SummarizingText.csproj", "{9987FA84-42A1-408D-B868-2827219A7C69}"
EndProject
Global
	GlobalSection(SolutionConfigurationPlatforms) = preSolution
		Debug|Any CPU = Debug|Any CPU
		Release|Any CPU = Release|Any CPU
	EndGlobalSection
	GlobalSection(ProjectConfigurationPlatforms) = postSolution
		{9987FA84-42A1-408D-B868-2827219A7C69}.Debug|Any CPU.ActiveCfg = Debug|Any CPU
		{9987FA84-42A1-408D-B868-2827219A7C69}.Debug|Any CPU.Build.0 = Debug|Any CPU
		{9987FA84-42A1-408D-B868-2827219A7C69}.Release|Any CPU.ActiveCfg = Release|Any CPU
		{9987FA84-42A1-408D-B868-2827219A7C69}.Release|Any CPU.Build.0 = Release|Any CPU
	EndGlobalSection
	GlobalSection(SolutionProperties) = preSolution
		HideSolutionNode = FALSE
	EndGlobalSection
	GlobalSection(ExtensibilityGlobals) = postSolution
		SolutionGuid = {B7FD7FDD-CDB2-4004-8391-09A74368D699}
	EndGlobalSection
EndGlobal
